
Microsoft Visual Studio Solution File, Format Version 12.00
# Visual Studio Version 17
VisualStudioVersion = 17.7.34024.191
MinimumVisualStudioVersion = 10.0.40219.1
Project("{FAE04EC0-301F-11D3-BF4B-00C04F79EFBC}") = "SWP391 BL3W", "SWP391 BL3W\SWP391 BL3W.csproj", "{431B1C2D-797F-4DA9-8F61-F5F063994C82}"
EndProject
Global
	GlobalSection(SolutionConfigurationPlatforms) = preSolution
		Debug|Any CPU = Debug|Any CPU
		Release|Any CPU = Release|Any CPU
	EndGlobalSection
	GlobalSection(ProjectConfigurationPlatforms) = postSolution
		{431B1C2D-797F-4DA9-8F61-F5F063994C82}.Debug|Any CPU.ActiveCfg = Debug|Any CPU
		{431B1C2D-797F-4DA9-8F61-F5F063994C82}.Debug|Any CPU.Build.0 = Debug|Any CPU
		{431B1C2D-797F-4DA9-8F61-F5F063994C82}.Release|Any CPU.ActiveCfg = Release|Any CPU
		{431B1C2D-797F-4DA9-8F61-F5F063994C82}.Release|Any CPU.Build.0 = Release|Any CPU
	EndGlobalSection
	GlobalSection(SolutionProperties) = preSolution
		HideSolutionNode = FALSE
	EndGlobalSection
	GlobalSection(ExtensibilityGlobals) = postSolution
		SolutionGuid = {6ABA8AD7-7219-452A-8793-3BE8051B2519}
	EndGlobalSection
EndGlobal
